{
  "name": "web",
  "version": "0.0.1",
  "lockfileVersion": 3,
  "requires": true,
  "packages": {
    "": {
      "name": "web",
      "version": "0.0.1",
      "dependencies": {
        "@astrojs/react": "^5.0.4",
        "@tailwindcss/vite": "^4.2.4",
        "@types/react": "^19.2.14",
        "@types/react-dom": "^19.2.3",
        "astro": "^6.2.0",
        "react": "^19.2.5",
        "react-dom": "^19.2.5",
        "tailwindcss": "^4.2.4"
      },
      "engines": {
        "node": ">=22.12.0"
      }
    },
    "../../node_modules/.pnpm/@astrojs+react@5.0.4_@types+node@20.19.39_@types+react-dom@19.2.3_@types+react@19.2.14__99ab1094b2571eec87395b51c56c2645/node_modules/@astrojs/react": {
      "version": "5.0.4",
      "license": "MIT",
      "dependencies": {
        "@astrojs/internal-helpers": "0.9.0",
        "@vitejs/plugin-react": "^5.2.0",
        "devalue": "^5.6.4",
        "ultrahtml": "^1.6.0",
        "vite": "^7.3.2"
      },
      "devDependencies": {
        "@types/react": "^18.3.28",
        "@types/react-dom": "^18.3.7",
        "astro": "6.1.9",
        "astro-scripts": "0.0.14",
        "cheerio": "1.2.0",
        "react": "^18.3.1",
        "react-dom": "^18.3.1"
      },
      "engines": {
        "node": ">=22.12.0"
      },
      "peerDependencies": {
        "@types/react": "^17.0.50 || ^18.0.21 || ^19.0.0",
        "@types/react-dom": "^17.0.17 || ^18.0.6 || ^19.0.0",
        "react": "^17.0.2 || ^18.0.0 || ^19.0.0",
        "react-dom": "^17.0.2 || ^18.0.0 || ^19.0.0"
      }
    },
    "../../node_modules/.pnpm/@tailwindcss+vite@4.2.4_vite@7.3.2_@types+node@20.19.39_jiti@2.6.1_lightningcss@1.32.0_terser@5.46.2_/node_modules/@tailwindcss/vite": {
      "version": "4.2.4",
      "license": "MIT",
      "dependencies": {
        "@tailwindcss/node": "4.2.4",
        "@tailwindcss/oxide": "4.2.4",
        "tailwindcss": "4.2.4"
      },
      "devDependencies": {
        "@types/node": "^20.19.0",
        "vite": "^8.0.0"
      },
      "peerDependencies": {
        "vite": "^5.2.0 || ^6 || ^7 || ^8"
      }
    },
    "../../node_modules/.pnpm/@types+react-dom@19.2.3_@types+react@19.2.14/node_modules/@types/react-dom": {
      "version": "19.2.3",
      "license": "MIT",
      "peerDependencies": {
        "@types/react": "^19.2.0"
      }
    },
    "../../node_modules/.pnpm/@types+react@19.2.14/node_modules/@types/react": {
      "version": "19.2.14",
      "license": "MIT",
      "dependencies": {
        "csstype": "^3.2.2"
      }
    },
    "../../node_modules/.pnpm/astro@6.2.0_@types+node@20.19.39_jiti@2.6.1_lightningcss@1.32.0_rollup@4.60.2_terser@5.46.2_typescript@5.9.3/node_modules/astro": {
      "version": "6.2.0",
      "license": "MIT",
      "dependencies": {
        "@astrojs/compiler": "^4.0.0",
        "@astrojs/internal-helpers": "0.9.0",
        "@astrojs/markdown-remark": "7.1.1",
        "@astrojs/telemetry": "3.3.1",
        "@capsizecss/unpack": "^4.0.0",
        "@clack/prompts": "^1.1.0",
        "@oslojs/encoding": "^1.1.0",
        "@rollup/pluginutils": "^5.3.0",
        "aria-query": "^5.3.2",
        "axobject-query": "^4.1.0",
        "ci-info": "^4.4.0",
        "clsx": "^2.1.1",
        "common-ancestor-path": "^2.0.0",
        "cookie": "^1.1.1",
        "devalue": "^5.6.3",
        "diff": "^8.0.3",
        "dset": "^3.1.4",
        "es-module-lexer": "^2.0.0",
        "esbuild": "^0.27.3",
        "flattie": "^1.1.1",
        "fontace": "~0.4.1",
        "github-slugger": "^2.0.0",
        "html-escaper": "3.0.3",
        "http-cache-semantics": "^4.2.0",
        "js-yaml": "^4.1.1",
        "magic-string": "^0.30.21",
        "magicast": "^0.5.2",
        "mrmime": "^2.0.1",
        "neotraverse": "^0.6.18",
        "obug": "^2.1.1",
        "p-limit": "^7.3.0",
        "p-queue": "^9.1.0",
        "package-manager-detector": "^1.6.0",
        "piccolore": "^0.1.3",
        "picomatch": "^4.0.4",
        "rehype": "^13.0.2",
        "semver": "^7.7.4",
        "shiki": "^4.0.2",
        "smol-toml": "^1.6.0",
        "svgo": "^4.0.1",
        "tinyclip": "^0.1.12",
        "tinyexec": "^1.0.4",
        "tinyglobby": "^0.2.15",
        "tsconfck": "^3.1.6",
        "ultrahtml": "^1.6.0",
        "unifont": "~0.7.4",
        "unist-util-visit": "^5.1.0",
        "unstorage": "^1.17.5",
        "vfile": "^6.0.3",
        "vite": "^7.3.2",
        "vitefu": "^1.1.2",
        "xxhash-wasm": "^1.1.0",
        "yargs-parser": "^22.0.0",
        "zod": "^4.3.6"
      },
      "bin": {
        "astro": "bin/astro.mjs"
      },
      "devDependencies": {
        "@astrojs/check": "0.9.9",
        "@astrojs/compiler-rs": "^0.1.6",
        "@playwright/test": "1.58.2",
        "@types/aria-query": "^5.0.4",
        "@types/hast": "^3.0.4",
        "@types/html-escaper": "3.0.4",
        "@types/http-cache-semantics": "^4.2.0",
        "@types/js-yaml": "^4.0.9",
        "@types/parse-srcset": "^1.0.0",
        "@types/picomatch": "^4.0.2",
        "@types/semver": "^7.7.1",
        "@types/yargs-parser": "^21.0.3",
        "astro-scripts": "0.0.14",
        "cheerio": "1.2.0",
        "eol": "^0.10.0",
        "expect-type": "^1.3.0",
        "fs-fixture": "^2.13.0",
        "mdast-util-mdx": "^3.0.0",
        "mdast-util-mdx-jsx": "^3.2.0",
        "node-mocks-http": "^1.17.2",
        "parse-srcset": "^1.0.2",
        "rehype-autolink-headings": "^7.1.0",
        "rehype-slug": "^6.0.0",
        "rehype-toc": "^3.0.2",
        "remark-code-titles": "^0.1.2",
        "rollup": "^4.58.0",
        "sass": "^1.98.0",
        "typescript": "^5.9.3",
        "undici": "^7.22.0",
        "unified": "^11.0.5",
        "vitest": "^4.1.0"
      },
      "engines": {
        "node": ">=22.12.0",
        "npm": ">=9.6.5",
        "pnpm": ">=7.1.0"
      },
      "funding": {
        "type": "opencollective",
        "url": "https://opencollective.com/astrodotbuild"
      },
      "optionalDependencies": {
        "sharp": "^0.34.0"
      }
    },
    "../../node_modules/.pnpm/react-dom@19.2.5_react@19.2.5/node_modules/react-dom": {
      "version": "19.2.5",
      "license": "MIT",
      "dependencies": {
        "scheduler": "^0.27.0"
      },
      "peerDependencies": {
        "react": "^19.2.5"
      }
    },
    "../../node_modules/.pnpm/react@19.2.5/node_modules/react": {
      "version": "19.2.5",
      "license": "MIT",
      "engines": {
        "node": ">=0.10.0"
      }
    },
    "../../node_modules/.pnpm/tailwindcss@4.2.4/node_modules/tailwindcss": {
      "version": "4.2.4",
      "license": "MIT",
      "devDependencies": {
        "@jridgewell/remapping": "^2.3.5",
        "@tailwindcss/oxide": "^4.2.4",
        "@types/node": "^20.19.0",
        "dedent": "1.7.1",
        "lightningcss": "1.32.0",
        "magic-string": "^0.30.21",
        "source-map-js": "^1.2.1"
      }
    },
    "node_modules/@astrojs/react": {
      "resolved": "../../node_modules/.pnpm/@astrojs+react@5.0.4_@types+node@20.19.39_@types+react-dom@19.2.3_@types+react@19.2.14__99ab1094b2571eec87395b51c56c2645/node_modules/@astrojs/react",
      "link": true
    },
    "node_modules/@tailwindcss/vite": {
      "resolved": "../../node_modules/.pnpm/@tailwindcss+vite@4.2.4_vite@7.3.2_@types+node@20.19.39_jiti@2.6.1_lightningcss@1.32.0_terser@5.46.2_/node_modules/@tailwindcss/vite",
      "link": true
    },
    "node_modules/@types/react": {
      "resolved": "../../node_modules/.pnpm/@types+react@19.2.14/node_modules/@types/react",
      "link": true
    },
    "node_modules/@types/react-dom": {
      "resolved": "../../node_modules/.pnpm/@types+react-dom@19.2.3_@types+react@19.2.14/node_modules/@types/react-dom",
      "link": true
    },
    "node_modules/astro": {
      "resolved": "../../node_modules/.pnpm/astro@6.2.0_@types+node@20.19.39_jiti@2.6.1_lightningcss@1.32.0_rollup@4.60.2_terser@5.46.2_typescript@5.9.3/node_modules/astro",
      "link": true
    },
    "node_modules/react": {
      "resolved": "../../node_modules/.pnpm/react@19.2.5/node_modules/react",
      "link": true
    },
    "node_modules/react-dom": {
      "resolved": "../../node_modules/.pnpm/react-dom@19.2.5_react@19.2.5/node_modules/react-dom",
      "link": true
    },
    "node_modules/tailwindcss": {
      "resolved": "../../node_modules/.pnpm/tailwindcss@4.2.4/node_modules/tailwindcss",
      "link": true
    }
  }
}
